{
  "name": "crossword",
  "version": "1.0.0",
  "lockfileVersion": 3,
  "requires": true,
  "packages": {
    "": {
      "name": "crossword",
      "version": "1.0.0",
      "license": "ISC",
      "dependencies": {
        "csv-parse": "^5.5.3",
        "cwg": "^0.2.2"
      }
    },
    "node_modules/csv-parse": {
      "version": "5.5.3",
      "resolved": "https://registry.npmjs.org/csv-parse/-/csv-parse-5.5.3.tgz",
      "integrity": "sha512-v0KW6C0qlZzoGjk6u5tLmVfyZxNgPGXZsWTXshpAgKVGmGXzaVWGdlCFxNx5iuzcXT/oJN1HHM9DZKwtAtYa+A=="
    },
    "node_modules/cwg": {
      "version": "0.2.2",
      "resolved": "https://registry.npmjs.org/cwg/-/cwg-0.2.2.tgz",
      "integrity": "sha512-qZ3cwtZKlNd4G0yQTp1beikaETCEGSGhYBm1vlrtRVmaCGpX3ljuoIiH9SBd3WXxGsu8DXFkI/j/CAzSeOw/Pw==",
      "dependencies": {
        "gelerator": "^2.0.2"
      }
    },
    "node_modules/gelerator": {
      "version": "2.2.6",
      "resolved": "https://registry.npmjs.org/gelerator/-/gelerator-2.2.6.tgz",
      "integrity": "sha512-TsXWerEYsvGqsqpRy3u+GHDAqIkwj16lEIxuXRde7v8jG1JuAb3aoqR3um9Zq3uLeR0CmowORBB2VVaKxrxuyg=="
    }
  }
}
